
Microsoft Visual Studio Solution File, Format Version 12.00
# Visual Studio Version 16
VisualStudioVersion = 16.0.29123.89
MinimumVisualStudioVersion = 10.0.40219.1
Project("{F2A71F9B-5D33-465A-A702-920D77279786}") = "codewars-fsharp", "codewars-fsharp\codewars-fsharp.fsproj", "{022C378D-A37A-4000-83EC-5FB82E221E70}"
EndProject
Global
	GlobalSection(SolutionConfigurationPlatforms) = preSolution
		Debug|Any CPU = Debug|Any CPU
		Release|Any CPU = Release|Any CPU
	EndGlobalSection
	GlobalSection(ProjectConfigurationPlatforms) = postSolution
		{022C378D-A37A-4000-83EC-5FB82E221E70}.Debug|Any CPU.ActiveCfg = Debug|Any CPU
		{022C378D-A37A-4000-83EC-5FB82E221E70}.Debug|Any CPU.Build.0 = Debug|Any CPU
		{022C378D-A37A-4000-83EC-5FB82E221E70}.Release|Any CPU.ActiveCfg = Release|Any CPU
		{022C378D-A37A-4000-83EC-5FB82E221E70}.Release|Any CPU.Build.0 = Release|Any CPU
	EndGlobalSection
	GlobalSection(SolutionProperties) = preSolution
		HideSolutionNode = FALSE
	EndGlobalSection
	GlobalSection(ExtensibilityGlobals) = postSolution
		SolutionGuid = {82035DAB-C1E3-4B8A-82F1-E596CE8EF121}
	EndGlobalSection
EndGlobal
